
Microsoft Visual Studio Solution File, Format Version 12.00
# Visual Studio Version 16
VisualStudioVersion = 16.0.28803.452
MinimumVisualStudioVersion = 10.0.40219.1
Project("{FAE04EC0-301F-11D3-BF4B-00C04F79EFBC}") = "VendasWebMvc", "VendasWebMvc\VendasWebMvc.csproj", "{52AA2E82-AC09-429D-9504-0DBC37826CF1}"
EndProject
Global
	GlobalSection(SolutionConfigurationPlatforms) = preSolution
		Debug|Any CPU = Debug|Any CPU
		Release|Any CPU = Release|Any CPU
	EndGlobalSection
	GlobalSection(ProjectConfigurationPlatforms) = postSolution
		{52AA2E82-AC09-429D-9504-0DBC37826CF1}.Debug|Any CPU.ActiveCfg = Debug|Any CPU
		{52AA2E82-AC09-429D-9504-0DBC37826CF1}.Debug|Any CPU.Build.0 = Debug|Any CPU
		{52AA2E82-AC09-429D-9504-0DBC37826CF1}.Release|Any CPU.ActiveCfg = Release|Any CPU
		{52AA2E82-AC09-429D-9504-0DBC37826CF1}.Release|Any CPU.Build.0 = Release|Any CPU
	EndGlobalSection
	GlobalSection(SolutionProperties) = preSolution
		HideSolutionNode = FALSE
	EndGlobalSection
	GlobalSection(ExtensibilityGlobals) = postSolution
		SolutionGuid = {BB10EFAA-2A4F-4FA3-B4FB-64048606D67E}
	EndGlobalSection
EndGlobal
